
Microsoft Visual Studio Solution File, Format Version 12.00
# Visual Studio Version 16
VisualStudioVersion = 16.0.31624.102
MinimumVisualStudioVersion = 10.0.40219.1
Project("{888888A0-9F3D-457C-B088-3A5042F75D52}") = "LabkaPython", "LabkaPython\LabkaPython.pyproj", "{2D485C2F-0616-47FD-ABE8-4D7D2C6E8C7E}"
EndProject
Global
	GlobalSection(SolutionConfigurationPlatforms) = preSolution
		Debug|Any CPU = Debug|Any CPU
		Release|Any CPU = Release|Any CPU
	EndGlobalSection
	GlobalSection(ProjectConfigurationPlatforms) = postSolution
		{2D485C2F-0616-47FD-ABE8-4D7D2C6E8C7E}.Debug|Any CPU.ActiveCfg = Debug|Any CPU
		{2D485C2F-0616-47FD-ABE8-4D7D2C6E8C7E}.Release|Any CPU.ActiveCfg = Release|Any CPU
	EndGlobalSection
	GlobalSection(SolutionProperties) = preSolution
		HideSolutionNode = FALSE
	EndGlobalSection
	GlobalSection(ExtensibilityGlobals) = postSolution
		SolutionGuid = {904D6133-9C31-4B33-9C2D-14DCA3BEE1E7}
	EndGlobalSection
EndGlobal
